
Microsoft Visual Studio Solution File, Format Version 12.00
# Visual Studio Version 17
VisualStudioVersion = 17.0.31919.166
MinimumVisualStudioVersion = 10.0.40219.1
Project("{FAE04EC0-301F-11D3-BF4B-00C04F79EFBC}") = "Traffic Light System", "Traffic Light System\Traffic Light System.csproj", "{D5BDE2FC-1C3F-4336-80E3-67E71EAC7DFA}"
EndProject
Global
	GlobalSection(SolutionConfigurationPlatforms) = preSolution
		Debug|Any CPU = Debug|Any CPU
		Release|Any CPU = Release|Any CPU
	EndGlobalSection
	GlobalSection(ProjectConfigurationPlatforms) = postSolution
		{D5BDE2FC-1C3F-4336-80E3-67E71EAC7DFA}.Debug|Any CPU.ActiveCfg = Debug|Any CPU
		{D5BDE2FC-1C3F-4336-80E3-67E71EAC7DFA}.Debug|Any CPU.Build.0 = Debug|Any CPU
		{D5BDE2FC-1C3F-4336-80E3-67E71EAC7DFA}.Release|Any CPU.ActiveCfg = Release|Any CPU
		{D5BDE2FC-1C3F-4336-80E3-67E71EAC7DFA}.Release|Any CPU.Build.0 = Release|Any CPU
	EndGlobalSection
	GlobalSection(SolutionProperties) = preSolution
		HideSolutionNode = FALSE
	EndGlobalSection
	GlobalSection(ExtensibilityGlobals) = postSolution
		SolutionGuid = {C91B98CD-3050-4E91-A289-F71D7D0E6ADB}
	EndGlobalSection
EndGlobal
